
Microsoft Visual Studio Solution File, Format Version 12.00
# Visual Studio Version 17
VisualStudioVersion = 17.0.31912.275
MinimumVisualStudioVersion = 10.0.40219.1
Project("{FAE04EC0-301F-11D3-BF4B-00C04F79EFBC}") = "dt071g_assignment4.Android", "dt071g_assignment4\dt071g_assignment4.Android\dt071g_assignment4.Android.csproj", "{70692D0E-BD9B-4D6F-A08B-3C3B3877238D}"
EndProject
Project("{FAE04EC0-301F-11D3-BF4B-00C04F79EFBC}") = "dt071g_assignment4.iOS", "dt071g_assignment4\dt071g_assignment4.iOS\dt071g_assignment4.iOS.csproj", "{3FDE3E82-64CF-4C1F-B7E6-8407E9BEEE88}"
EndProject
Project("{FAE04EC0-301F-11D3-BF4B-00C04F79EFBC}") = "dt071g_assignment4", "dt071g_assignment4\dt071g_assignment4\dt071g_assignment4.csproj", "{5EF90B3C-12E3-4962-87A6-1FD4FA8364AF}"
EndProject
Global
	GlobalSection(SolutionConfigurationPlatforms) = preSolution
		Debug|Any CPU = Debug|Any CPU
		Debug|iPhone = Debug|iPhone
		Debug|iPhoneSimulator = Debug|iPhoneSimulator
		Release|Any CPU = Release|Any CPU
		Release|iPhone = Release|iPhone
		Release|iPhoneSimulator = Release|iPhoneSimulator
	EndGlobalSection
	GlobalSection(ProjectConfigurationPlatforms) = postSolution
		{70692D0E-BD9B-4D6F-A08B-3C3B3877238D}.Debug|Any CPU.ActiveCfg = Debug|Any CPU
		{70692D0E-BD9B-4D6F-A08B-3C3B3877238D}.Debug|Any CPU.Build.0 = Debug|Any CPU
		{70692D0E-BD9B-4D6F-A08B-3C3B3877238D}.Debug|Any CPU.Deploy.0 = Debug|Any CPU
		{70692D0E-BD9B-4D6F-A08B-3C3B3877238D}.Debug|iPhone.ActiveCfg = Debug|Any CPU
		{70692D0E-BD9B-4D6F-A08B-3C3B3877238D}.Debug|iPhone.Build.0 = Debug|Any CPU
		{70692D0E-BD9B-4D6F-A08B-3C3B3877238D}.Debug|iPhone.Deploy.0 = Debug|Any CPU
		{70692D0E-BD9B-4D6F-A08B-3C3B3877238D}.Debug|iPhoneSimulator.ActiveCfg = Debug|Any CPU
		{70692D0E-BD9B-4D6F-A08B-3C3B3877238D}.Debug|iPhoneSimulator.Build.0 = Debug|Any CPU
		{70692D0E-BD9B-4D6F-A08B-3C3B3877238D}.Debug|iPhoneSimulator.Deploy.0 = Debug|Any CPU
		{70692D0E-BD9B-4D6F-A08B-3C3B3877238D}.Release|Any CPU.ActiveCfg = Release|Any CPU
		{70692D0E-BD9B-4D6F-A08B-3C3B3877238D}.Release|Any CPU.Build.0 = Release|Any CPU
		{70692D0E-BD9B-4D6F-A08B-3C3B3877238D}.Release|Any CPU.Deploy.0 = Release|Any CPU
		{70692D0E-BD9B-4D6F-A08B-3C3B3877238D}.Release|iPhone.ActiveCfg = Release|Any CPU
		{70692D0E-BD9B-4D6F-A08B-3C3B3877238D}.Release|iPhone.Build.0 = Release|Any CPU
		{70692D0E-BD9B-4D6F-A08B-3C3B3877238D}.Release|iPhone.Deploy.0 = Release|Any CPU
		{70692D0E-BD9B-4D6F-A08B-3C3B3877238D}.Release|iPhoneSimulator.ActiveCfg = Release|Any CPU
		{70692D0E-BD9B-4D6F-A08B-3C3B3877238D}.Release|iPhoneSimulator.Build.0 = Release|Any CPU
		{70692D0E-BD9B-4D6F-A08B-3C3B3877238D}.Release|iPhoneSimulator.Deploy.0 = Release|Any CPU
		{3FDE3E82-64CF-4C1F-B7E6-8407E9BEEE88}.Debug|Any CPU.ActiveCfg = Debug|iPhone
		{3FDE3E82-64CF-4C1F-B7E6-8407E9BEEE88}.Debug|Any CPU.Build.0 = Debug|iPhone
		{3FDE3E82-64CF-4C1F-B7E6-8407E9BEEE88}.Debug|Any CPU.Deploy.0 = Debug|iPhone
		{3FDE3E82-64CF-4C1F-B7E6-8407E9BEEE88}.Debug|iPhone.ActiveCfg = Debug|iPhone
		{3FDE3E82-64CF-4C1F-B7E6-8407E9BEEE88}.Debug|iPhone.Build.0 = Debug|iPhone
		{3FDE3E82-64CF-4C1F-B7E6-8407E9BEEE88}.Debug|iPhone.Deploy.0 = Debug|iPhone
		{3FDE3E82-64CF-4C1F-B7E6-8407E9BEEE88}.Debug|iPhoneSimulator.ActiveCfg = Debug|iPhoneSimulator
		{3FDE3E82-64CF-4C1F-B7E6-8407E9BEEE88}.Debug|iPhoneSimulator.Build.0 = Debug|iPhoneSimulator
		{3FDE3E82-64CF-4C1F-B7E6-8407E9BEEE88}.Debug|iPhoneSimulator.Deploy.0 = Debug|iPhoneSimulator
		{3FDE3E82-64CF-4C1F-B7E6-8407E9BEEE88}.Release|Any CPU.ActiveCfg = Release|iPhoneSimulator
		{3FDE3E82-64CF-4C1F-B7E6-8407E9BEEE88}.Release|Any CPU.Build.0 = Release|iPhoneSimulator
		{3FDE3E82-64CF-4C1F-B7E6-8407E9BEEE88}.Release|Any CPU.Deploy.0 = Release|iPhoneSimulator
		{3FDE3E82-64CF-4C1F-B7E6-8407E9BEEE88}.Release|iPhone.ActiveCfg = Release|iPhone
		{3FDE3E82-64CF-4C1F-B7E6-8407E9BEEE88}.Release|iPhone.Build.0 = Release|iPhone
		{3FDE3E82-64CF-4C1F-B7E6-8407E9BEEE88}.Release|iPhone.Deploy.0 = Release|iPhone
		{3FDE3E82-64CF-4C1F-B7E6-8407E9BEEE88}.Release|iPhoneSimulator.ActiveCfg = Release|iPhoneSimulator
		{3FDE3E82-64CF-4C1F-B7E6-8407E9BEEE88}.Release|iPhoneSimulator.Build.0 = Release|iPhoneSimulator
		{3FDE3E82-64CF-4C1F-B7E6-8407E9BEEE88}.Release|iPhoneSimulator.Deploy.0 = Release|iPhoneSimulator
		{5EF90B3C-12E3-4962-87A6-1FD4FA8364AF}.Debug|Any CPU.ActiveCfg = Debug|Any CPU
		{5EF90B3C-12E3-4962-87A6-1FD4FA8364AF}.Debug|Any CPU.Build.0 = Debug|Any CPU
		{5EF90B3C-12E3-4962-87A6-1FD4FA8364AF}.Debug|Any CPU.Deploy.0 = Debug|Any CPU
		{5EF90B3C-12E3-4962-87A6-1FD4FA8364AF}.Debug|iPhone.ActiveCfg = Debug|Any CPU
		{5EF90B3C-12E3-4962-87A6-1FD4FA8364AF}.Debug|iPhone.Build.0 = Debug|Any CPU
		{5EF90B3C-12E3-4962-87A6-1FD4FA8364AF}.Debug|iPhone.Deploy.0 = Debug|Any CPU
		{5EF90B3C-12E3-4962-87A6-1FD4FA8364AF}.Debug|iPhoneSimulator.ActiveCfg = Debug|Any CPU
		{5EF90B3C-12E3-4962-87A6-1FD4FA8364AF}.Debug|iPhoneSimulator.Build.0 = Debug|Any CPU
		{5EF90B3C-12E3-4962-87A6-1FD4FA8364AF}.Debug|iPhoneSimulator.Deploy.0 = Debug|Any CPU
		{5EF90B3C-12E3-4962-87A6-1FD4FA8364AF}.Release|Any CPU.ActiveCfg = Release|Any CPU
		{5EF90B3C-12E3-4962-87A6-1FD4FA8364AF}.Release|Any CPU.Build.0 = Release|Any CPU
		{5EF90B3C-12E3-4962-87A6-1FD4FA8364AF}.Release|Any CPU.Deploy.0 = Release|Any CPU
		{5EF90B3C-12E3-4962-87A6-1FD4FA8364AF}.Release|iPhone.ActiveCfg = Release|Any CPU
		{5EF90B3C-12E3-4962-87A6-1FD4FA8364AF}.Release|iPhone.Build.0 = Release|Any CPU
		{5EF90B3C-12E3-4962-87A6-1FD4FA8364AF}.Release|iPhone.Deploy.0 = Release|Any CPU
		{5EF90B3C-12E3-4962-87A6-1FD4FA8364AF}.Release|iPhoneSimulator.ActiveCfg = Release|Any CPU
		{5EF90B3C-12E3-4962-87A6-1FD4FA8364AF}.Release|iPhoneSimulator.Build.0 = Release|Any CPU
		{5EF90B3C-12E3-4962-87A6-1FD4FA8364AF}.Release|iPhoneSimulator.Deploy.0 = Release|Any CPU
	EndGlobalSection
	GlobalSection(SolutionProperties) = preSolution
		HideSolutionNode = FALSE
	EndGlobalSection
	GlobalSection(ExtensibilityGlobals) = postSolution
		SolutionGuid = {D8DA50F6-5CFE-46DC-A534-2B0E3964CF11}
	EndGlobalSection
EndGlobal
